
Microsoft Visual Studio Solution File, Format Version 12.00
# Visual Studio Version 16
VisualStudioVersion = 16.0.29509.3
MinimumVisualStudioVersion = 10.0.40219.1
Project("{FAE04EC0-301F-11D3-BF4B-00C04F79EFBC}") = "SortiranjeOsobaSeminarskiRad", "SortiranjeOsobaSeminarskiRad\SortiranjeOsobaSeminarskiRad.csproj", "{B49610BF-A9FA-4051-92D7-0758108DA604}"
EndProject
Global
	GlobalSection(SolutionConfigurationPlatforms) = preSolution
		Debug|Any CPU = Debug|Any CPU
		Release|Any CPU = Release|Any CPU
	EndGlobalSection
	GlobalSection(ProjectConfigurationPlatforms) = postSolution
		{B49610BF-A9FA-4051-92D7-0758108DA604}.Debug|Any CPU.ActiveCfg = Debug|Any CPU
		{B49610BF-A9FA-4051-92D7-0758108DA604}.Debug|Any CPU.Build.0 = Debug|Any CPU
		{B49610BF-A9FA-4051-92D7-0758108DA604}.Release|Any CPU.ActiveCfg = Release|Any CPU
		{B49610BF-A9FA-4051-92D7-0758108DA604}.Release|Any CPU.Build.0 = Release|Any CPU
	EndGlobalSection
	GlobalSection(SolutionProperties) = preSolution
		HideSolutionNode = FALSE
	EndGlobalSection
	GlobalSection(ExtensibilityGlobals) = postSolution
		SolutionGuid = {1287E6C2-5D3E-4A68-A6A8-74A5BC0F516D}
	EndGlobalSection
EndGlobal
